<?xml version="1.0" encoding="utf-8"?>
<Project ToolsVersion="4.0" xmlns="http://schemas.microsoft.com/developer/msbuild/2003">
  <ItemGroup>
    <Filter Include="Исходные файлы">
      <UniqueIdentifier>{4FC737F1-C7A5-4376-A066-2A32D752A2FF}</UniqueIdentifier>
      <Extensions>cpp;c;cc;cxx;c++;cppm;ixx;def;odl;idl;hpj;bat;asm;asmx</Extensions>
    </Filter>
    <Filter Include="Файлы заголовков">
      <UniqueIdentifier>{93995380-89BD-4b04-88EB-625FBE52EBFB}</UniqueIdentifier>
      <Extensions>h;hh;hpp;hxx;h++;hm;inl;inc;ipp;xsd</Extensions>
    </Filter>
    <Filter Include="Файлы ресурсов">
      <UniqueIdentifier>{67DA6AB6-F800-4c08-8B7A-83BB121AAD01}</UniqueIdentifier>
      <Extensions>rc;ico;cur;bmp;dlg;rc2;rct;bin;rgs;gif;jpg;jpeg;jpe;resx;tiff;tif;png;wav;mfcribbon-ms</Extensions>
    </Filter>
    <Filter Include="Исходные файлы\LR1">
      <UniqueIdentifier>{c4dcbe03-ff13-487c-b0fc-6d1f339e5cb2}</UniqueIdentifier>
    </Filter>
    <Filter Include="Исходные файлы\LR2">
      <UniqueIdentifier>{01ae2e06-f2d3-428b-99e0-22af3d12ed9f}</UniqueIdentifier>
    </Filter>
    <Filter Include="Исходные файлы\LR3">
      <UniqueIdentifier>{89673ce3-15b8-458a-9784-533ace495e1a}</UniqueIdentifier>
    </Filter>
    <Filter Include="Исходные файлы\LR4">
      <UniqueIdentifier>{3d42e34a-92cc-4f20-9b02-becb03ca53b9}</UniqueIdentifier>
    </Filter>
    <Filter Include="Исходные файлы\LR5">
      <UniqueIdentifier>{f4f3087e-143a-4e60-ad1a-5cc1bcb182de}</UniqueIdentifier>
    </Filter>
    <Filter Include="Исходные файлы\LR6">
      <UniqueIdentifier>{a2e4ad97-e682-4383-b589-80e791a47ca8}</UniqueIdentifier>
    </Filter>
    <Filter Include="Исходные файлы\LR7">
      <UniqueIdentifier>{f78d4c8b-7f78-4076-a465-e8bc3f043019}</UniqueIdentifier>
    </Filter>
    <Filter Include="Исходные файлы\LR8">
      <UniqueIdentifier>{ed5c511b-6e32-45e0-bcd6-3d21676971d8}</UniqueIdentifier>
    </Filter>
    <Filter Include="Исходные файлы\LR9">
      <UniqueIdentifier>{812f31cd-a34b-40ed-8a17-a1de6d095f5c}</UniqueIdentifier>
    </Filter>
    <Filter Include="Исходные файлы\LR10">
      <UniqueIdentifier>{6ac779ad-4cab-4f02-8959-ed9840317781}</UniqueIdentifier>
    </Filter>
    <Filter Include="Файлы заголовков\LR6">
      <UniqueIdentifier>{50ed296f-6e99-462c-b6bb-d6978d25efe8}</UniqueIdentifier>
    </Filter>
  </ItemGroup>
  <ItemGroup>
    <ClCompile Include="LR1\example1_3.cpp">
      <Filter>Исходные файлы\LR1</Filter>
    </ClCompile>
    <ClCompile Include="LR1\example1_1.cpp">
      <Filter>Исходные файлы\LR1</Filter>
    </ClCompile>
    <ClCompile Include="LR1\example1_2.cpp">
      <Filter>Исходные файлы\LR1</Filter>
    </ClCompile>
    <ClCompile Include="example2_1.cpp">
      <Filter>Исходные файлы\LR2</Filter>
    </ClCompile>
    <ClCompile Include="example3_1.cpp">
      <Filter>Исходные файлы\LR3</Filter>
    </ClCompile>
    <ClCompile Include="example4_1.cpp">
      <Filter>Исходные файлы\LR4</Filter>
    </ClCompile>
    <ClCompile Include="LR5\example5_1.cpp">
      <Filter>Исходные файлы\LR5</Filter>
    </ClCompile>
    <ClCompile Include="LR6\example6_1.cpp">
      <Filter>Исходные файлы\LR6</Filter>
    </ClCompile>
    <ClCompile Include="LR6\Stroka.cpp">
      <Filter>Исходные файлы\LR6</Filter>
    </ClCompile>
    <ClCompile Include="LR7\example7_1.cpp">
      <Filter>Исходные файлы\LR7</Filter>
    </ClCompile>
    <ClCompile Include="LR8\example8_1.cpp">
      <Filter>Исходные файлы\LR8</Filter>
    </ClCompile>
    <ClCompile Include="LR9\example9_1.cpp">
      <Filter>Исходные файлы\LR9</Filter>
    </ClCompile>
    <ClCompile Include="LR10\example10_1.cpp">
      <Filter>Исходные файлы\LR10</Filter>
    </ClCompile>
  </ItemGroup>
  <ItemGroup>
    <ClInclude Include="LR6\Stroka.h">
      <Filter>Файлы заголовков\LR6</Filter>
    </ClInclude>
  </ItemGroup>
</Project>
